
Microsoft Visual Studio Solution File, Format Version 12.00
# Visual Studio 14
VisualStudioVersion = 14.0.25420.1
MinimumVisualStudioVersion = 10.0.40219.1
Project("{FAE04EC0-301F-11D3-BF4B-00C04F79EFBC}") = "IntegrationTestingAndMockingWorkshop.UnitTests", "IntegrationTestingAndMockingWorkshop.UnitTests\IntegrationTestingAndMockingWorkshop.UnitTests.csproj", "{817DB035-52F3-4727-92DC-5AA37979344E}"
EndProject
Project("{FAE04EC0-301F-11D3-BF4B-00C04F79EFBC}") = "IntegrationTestingAndMockingWorkshop.IntegrationTests", "IntegrationTestingAndMockingWorkshop.IntegrationTests\IntegrationTestingAndMockingWorkshop.IntegrationTests.csproj", "{A45A8A76-B12E-4972-A2A2-27DFA5D5B9A7}"
EndProject
Project("{FAE04EC0-301F-11D3-BF4B-00C04F79EFBC}") = "IntegrationTestingAndMockingWorkshop", "IntegrationTestingAndMockingWorkshop\IntegrationTestingAndMockingWorkshop.csproj", "{33D63821-252A-42E6-BB09-4DB4A3147D96}"
EndProject
Global
	GlobalSection(SolutionConfigurationPlatforms) = preSolution
		Debug|Any CPU = Debug|Any CPU
		Release|Any CPU = Release|Any CPU
	EndGlobalSection
	GlobalSection(ProjectConfigurationPlatforms) = postSolution
		{817DB035-52F3-4727-92DC-5AA37979344E}.Debug|Any CPU.ActiveCfg = Debug|Any CPU
		{817DB035-52F3-4727-92DC-5AA37979344E}.Debug|Any CPU.Build.0 = Debug|Any CPU
		{817DB035-52F3-4727-92DC-5AA37979344E}.Release|Any CPU.ActiveCfg = Release|Any CPU
		{817DB035-52F3-4727-92DC-5AA37979344E}.Release|Any CPU.Build.0 = Release|Any CPU
		{A45A8A76-B12E-4972-A2A2-27DFA5D5B9A7}.Debug|Any CPU.ActiveCfg = Debug|Any CPU
		{A45A8A76-B12E-4972-A2A2-27DFA5D5B9A7}.Debug|Any CPU.Build.0 = Debug|Any CPU
		{A45A8A76-B12E-4972-A2A2-27DFA5D5B9A7}.Release|Any CPU.ActiveCfg = Release|Any CPU
		{A45A8A76-B12E-4972-A2A2-27DFA5D5B9A7}.Release|Any CPU.Build.0 = Release|Any CPU
		{33D63821-252A-42E6-BB09-4DB4A3147D96}.Debug|Any CPU.ActiveCfg = Debug|Any CPU
		{33D63821-252A-42E6-BB09-4DB4A3147D96}.Debug|Any CPU.Build.0 = Debug|Any CPU
		{33D63821-252A-42E6-BB09-4DB4A3147D96}.Release|Any CPU.ActiveCfg = Release|Any CPU
		{33D63821-252A-42E6-BB09-4DB4A3147D96}.Release|Any CPU.Build.0 = Release|Any CPU
	EndGlobalSection
	GlobalSection(SolutionProperties) = preSolution
		HideSolutionNode = FALSE
	EndGlobalSection
EndGlobal
